
Microsoft Visual Studio Solution File, Format Version 12.00
# Visual Studio Version 17
VisualStudioVersion = 17.14.36616.10
MinimumVisualStudioVersion = 10.0.40219.1
Project("{FAE04EC0-301F-11D3-BF4B-00C04F79EFBC}") = "M002", "M002\M002.csproj", "{E7CA7CAC-CA66-4368-AE86-9F4E85350D70}"
EndProject
Project("{FAE04EC0-301F-11D3-BF4B-00C04F79EFBC}") = "M001", "M001\M001.csproj", "{C2BC1551-EC4C-6824-D719-A611976EA6BC}"
EndProject
Global
	GlobalSection(SolutionConfigurationPlatforms) = preSolution
		Debug|Any CPU = Debug|Any CPU
		Release|Any CPU = Release|Any CPU
	EndGlobalSection
	GlobalSection(ProjectConfigurationPlatforms) = postSolution
		{E7CA7CAC-CA66-4368-AE86-9F4E85350D70}.Debug|Any CPU.ActiveCfg = Debug|Any CPU
		{E7CA7CAC-CA66-4368-AE86-9F4E85350D70}.Debug|Any CPU.Build.0 = Debug|Any CPU
		{E7CA7CAC-CA66-4368-AE86-9F4E85350D70}.Release|Any CPU.ActiveCfg = Release|Any CPU
		{E7CA7CAC-CA66-4368-AE86-9F4E85350D70}.Release|Any CPU.Build.0 = Release|Any CPU
		{C2BC1551-EC4C-6824-D719-A611976EA6BC}.Debug|Any CPU.ActiveCfg = Debug|Any CPU
		{C2BC1551-EC4C-6824-D719-A611976EA6BC}.Debug|Any CPU.Build.0 = Debug|Any CPU
		{C2BC1551-EC4C-6824-D719-A611976EA6BC}.Release|Any CPU.ActiveCfg = Release|Any CPU
		{C2BC1551-EC4C-6824-D719-A611976EA6BC}.Release|Any CPU.Build.0 = Release|Any CPU
	EndGlobalSection
	GlobalSection(SolutionProperties) = preSolution
		HideSolutionNode = FALSE
	EndGlobalSection
	GlobalSection(ExtensibilityGlobals) = postSolution
		SolutionGuid = {330C7958-7940-49AC-868F-A54BC86790EE}
	EndGlobalSection
EndGlobal
